
Microsoft Visual Studio Solution File, Format Version 12.00
# Visual Studio Version 17
VisualStudioVersion = 17.14.36212.18
MinimumVisualStudioVersion = 10.0.40219.1
Project("{FAE04EC0-301F-11D3-BF4B-00C04F79EFBC}") = "Josha", "Josha.csproj", "{BA0D3106-10B3-4387-8283-880E33295371}"
EndProject
Project("{2150E333-8FDC-42A3-9474-1A3956D46DE8}") = "tests", "tests", "{0AB3BF05-4346-4AA6-1389-037BE0695223}"
EndProject
Project("{FAE04EC0-301F-11D3-BF4B-00C04F79EFBC}") = "Josha.IntegrationTests", "tests\Josha.IntegrationTests\Josha.IntegrationTests.csproj", "{605B1F21-1464-4F7B-A865-A014029B5C41}"
EndProject
Global
	GlobalSection(SolutionConfigurationPlatforms) = preSolution
		Debug|Any CPU = Debug|Any CPU
		Debug|x64 = Debug|x64
		Debug|x86 = Debug|x86
		Release|Any CPU = Release|Any CPU
		Release|x64 = Release|x64
		Release|x86 = Release|x86
	EndGlobalSection
	GlobalSection(ProjectConfigurationPlatforms) = postSolution
		{BA0D3106-10B3-4387-8283-880E33295371}.Debug|Any CPU.ActiveCfg = Debug|Any CPU
		{BA0D3106-10B3-4387-8283-880E33295371}.Debug|Any CPU.Build.0 = Debug|Any CPU
		{BA0D3106-10B3-4387-8283-880E33295371}.Debug|x64.ActiveCfg = Debug|Any CPU
		{BA0D3106-10B3-4387-8283-880E33295371}.Debug|x64.Build.0 = Debug|Any CPU
		{BA0D3106-10B3-4387-8283-880E33295371}.Debug|x86.ActiveCfg = Debug|Any CPU
		{BA0D3106-10B3-4387-8283-880E33295371}.Debug|x86.Build.0 = Debug|Any CPU
		{BA0D3106-10B3-4387-8283-880E33295371}.Release|Any CPU.ActiveCfg = Release|Any CPU
		{BA0D3106-10B3-4387-8283-880E33295371}.Release|Any CPU.Build.0 = Release|Any CPU
		{BA0D3106-10B3-4387-8283-880E33295371}.Release|x64.ActiveCfg = Release|Any CPU
		{BA0D3106-10B3-4387-8283-880E33295371}.Release|x64.Build.0 = Release|Any CPU
		{BA0D3106-10B3-4387-8283-880E33295371}.Release|x86.ActiveCfg = Release|Any CPU
		{BA0D3106-10B3-4387-8283-880E33295371}.Release|x86.Build.0 = Release|Any CPU
		{605B1F21-1464-4F7B-A865-A014029B5C41}.Debug|Any CPU.ActiveCfg = Debug|Any CPU
		{605B1F21-1464-4F7B-A865-A014029B5C41}.Debug|Any CPU.Build.0 = Debug|Any CPU
		{605B1F21-1464-4F7B-A865-A014029B5C41}.Debug|x64.ActiveCfg = Debug|Any CPU
		{605B1F21-1464-4F7B-A865-A014029B5C41}.Debug|x64.Build.0 = Debug|Any CPU
		{605B1F21-1464-4F7B-A865-A014029B5C41}.Debug|x86.ActiveCfg = Debug|Any CPU
		{605B1F21-1464-4F7B-A865-A014029B5C41}.Debug|x86.Build.0 = Debug|Any CPU
		{605B1F21-1464-4F7B-A865-A014029B5C41}.Release|Any CPU.ActiveCfg = Release|Any CPU
		{605B1F21-1464-4F7B-A865-A014029B5C41}.Release|Any CPU.Build.0 = Release|Any CPU
		{605B1F21-1464-4F7B-A865-A014029B5C41}.Release|x64.ActiveCfg = Release|Any CPU
		{605B1F21-1464-4F7B-A865-A014029B5C41}.Release|x64.Build.0 = Release|Any CPU
		{605B1F21-1464-4F7B-A865-A014029B5C41}.Release|x86.ActiveCfg = Release|Any CPU
		{605B1F21-1464-4F7B-A865-A014029B5C41}.Release|x86.Build.0 = Release|Any CPU
	EndGlobalSection
	GlobalSection(SolutionProperties) = preSolution
		HideSolutionNode = FALSE
	EndGlobalSection
	GlobalSection(NestedProjects) = preSolution
		{605B1F21-1464-4F7B-A865-A014029B5C41} = {0AB3BF05-4346-4AA6-1389-037BE0695223}
	EndGlobalSection
	GlobalSection(ExtensibilityGlobals) = postSolution
		SolutionGuid = {06819ADB-DD72-4E03-BBC1-3CF30D3AB4D3}
	EndGlobalSection
EndGlobal
